{
    "_readme": [
        "This file locks the dependencies of your project to a known state",
        "Read more about it at https://getcomposer.org/doc/01-basic-usage.md#composer-lock-the-lock-file",
        "This file is @generated automatically"
    ],
    "content-hash": "6f198098072d5fd35d28a9be8195899e",
    "packages": [
        {
            "name": "shoppingfeed/php-feed-generator",
            "version": "1.2.0",
            "source": {
                "type": "git",
                "url": "https://github.com/shoppingflux/php-feed-generator.git",
                "reference": "a72f08eba70e5652a90cf46b06a2e3f1c1e94051"
            },
            "dist": {
                "type": "zip",
                "url": "https://api.github.com/repos/shoppingflux/php-feed-generator/zipball/a72f08eba70e5652a90cf46b06a2e3f1c1e94051",
                "reference": "a72f08eba70e5652a90cf46b06a2e3f1c1e94051",
                "shasum": ""
            },
            "require": {
                "ext-xml": "*",
                "php": ">=5.5"
            },
            "require-dev": {
                "fzaninotto/faker": "^1.7",
                "psr/log": "^1.0",
                "shoppingfeed/feed-xml": "1.*"
            },
            "type": "library",
            "autoload": {
                "psr-4": {
                    "ShoppingFeed\\Feed\\": "src"
                },
                "files": [
                    "src/functions.php"
                ]
            },
            "notification-url": "https://packagist.org/downloads/",
            "license": [
                "Apache-2.0"
            ],
            "description": "ShoppingFeed Feed manager",
            "time": "2019-05-08T17:57:15+00:00"
        }
    ],
    "packages-dev": [],
    "aliases": [],
    "minimum-stability": "stable",
    "stability-flags": [],
    "prefer-stable": false,
    "prefer-lowest": false,
    "platform": [],
    "platform-dev": []
}
